{"SurveyEntry":{"SurveyID":"SV_88Sdyv81EvlN4sS","SurveyName":"Individual Project End Survey","SurveyDescription":null,"SurveyOwnerID":"UR_bC5Q6bAmTuASbjw","SurveyBrandID":"uofg","DivisionID":null,"SurveyLanguage":"EN-GB","SurveyActiveResponseSet":"RS_9QuKaI7x5XzXbYa","SurveyStatus":"Inactive","SurveyStartDate":"0000-00-00 00:00:00","SurveyExpirationDate":"0000-00-00 00:00:00","SurveyCreationDate":"2025-01-30 05:24:48","CreatorID":"UR_bC5Q6bAmTuASbjw","LastModified":"2025-03-20 06:43:27","LastAccessed":"0000-00-00 00:00:00","LastActivated":"2025-02-07 13:53:13","Deleted":null},"SurveyElements":[{"SurveyID":"SV_88Sdyv81EvlN4sS","Element":"BL","PrimaryAttribute":"Survey Blocks","SecondaryAttribute":null,"TertiaryAttribute":null,"Payload":[{"Type":"Default","Description":"Default Question Block","ID":"BL_2h4uk7ijVvIr1rw","BlockElements":[{"Type":"Question","QuestionID":"QID4"},{"Type":"Question","QuestionID":"QID1"},{"Type":"Question","QuestionID":"QID2"},{"Type":"Question","QuestionID":"QID3"}]},{"Type":"Trash","Description":"Bin\/Unused Questions","ID":"BL_81aS8EfW93sodTg"}]},{"SurveyID":"SV_88Sdyv81EvlN4sS","Element":"FL","PrimaryAttribute":"Survey Flow","SecondaryAttribute":null,"TertiaryAttribute":null,"Payload":{"Flow":[{"ID":"BL_2h4uk7ijVvIr1rw","Type":"Block","FlowID":"FL_2"}],"Properties":{"Count":2},"FlowID":"FL_1","Type":"Root"}},{"SurveyID":"SV_88Sdyv81EvlN4sS","Element":"PL","PrimaryAttribute":"Preview Link","SecondaryAttribute":null,"TertiaryAttribute":null,"Payload":{"PreviewType":"Brand","PreviewID":"fc77e86b-d421-4dc7-bc91-5a98f10d2cd9"}},{"SurveyID":"SV_88Sdyv81EvlN4sS","Element":"PROJ","PrimaryAttribute":"CORE","SecondaryAttribute":null,"TertiaryAttribute":"1.1.0","Payload":{"ProjectCategory":"CORE","SchemaVersion":"1.1.0"}},{"SurveyID":"SV_88Sdyv81EvlN4sS","Element":"QC","PrimaryAttribute":"Survey Question Count","SecondaryAttribute":"4","TertiaryAttribute":null,"Payload":null},{"SurveyID":"SV_88Sdyv81EvlN4sS","Element":"RS","PrimaryAttribute":"RS_9QuKaI7x5XzXbYa","SecondaryAttribute":"Default Response Set","TertiaryAttribute":null,"Payload":null},{"SurveyID":"SV_88Sdyv81EvlN4sS","Element":"SCO","PrimaryAttribute":"Scoring","SecondaryAttribute":null,"TertiaryAttribute":null,"Payload":{"ScoringCategories":[],"ScoringCategoryGroups":[],"ScoringSummaryCategory":null,"ScoringSummaryAfterQuestions":0,"ScoringSummaryAfterSurvey":0,"DefaultScoringCategory":null,"AutoScoringCategory":null}},{"SurveyID":"SV_88Sdyv81EvlN4sS","Element":"SO","PrimaryAttribute":"Survey Options","SecondaryAttribute":null,"TertiaryAttribute":null,"Payload":{"BackButton":"false","SaveAndContinue":"true","SurveyProtection":"PublicSurvey","BallotBoxStuffingPrevention":"false","NoIndex":"Yes","SecureResponseFiles":"true","SurveyExpiration":"None","SurveyTermination":"DefaultMessage","Header":"","Footer":"","ProgressBarDisplay":"None","PartialData":"+1 week","ValidationMessage":"","PreviousButton":"","NextButton":"","SurveyTitle":"Qualtrics Survey | Qualtrics Experience Management","SkinLibrary":"Qualtrics","SkinType":"templated","Skin":{"brandingId":null,"templateId":"*base","overrides":null},"NewScoring":1,"SurveyMetaDescription":"The most powerful, simple and trusted way to gather experience data. Start your journey to experience management and try a free account today.","ProtectSelectionIds":true}},{"SurveyID":"SV_88Sdyv81EvlN4sS","Element":"SQ","PrimaryAttribute":"QID1","SecondaryAttribute":"Please rank the types of art from best experience to worst experience","TertiaryAttribute":null,"Payload":{"QuestionText":"Please rank the types of art from best experience to worst experience","DefaultChoices":false,"DataExportTag":"Q2","QuestionID":"QID1","QuestionType":"RO","Selector":"DND","SubSelector":"TX","DataVisibility":{"Private":false,"Hidden":false},"Configuration":{"QuestionDescriptionOption":"UseText"},"QuestionDescription":"Please rank the types of art from best experience to worst experience","Choices":{"1":{"Display":"No Art"},"2":{"Display":"2D Art"},"3":{"Display":"3D Art"}},"ChoiceOrder":["1","2","3"],"Validation":{"Settings":{"ForceResponse":"OFF","Type":"None"}},"GradingData":[],"Language":[],"NextChoiceId":4,"NextAnswerId":1,"QuestionText_Unsafe":"Please rank the types of art from best experience to worst experience"}},{"SurveyID":"SV_88Sdyv81EvlN4sS","Element":"SQ","PrimaryAttribute":"QID2","SecondaryAttribute":"Please rank the locations by how well they suited the AR art. From best to worst suitability","TertiaryAttribute":null,"Payload":{"QuestionText":"Please rank the locations by how well they suited the AR art. From best to worst suitability","DefaultChoices":false,"DataExportTag":"Q3","QuestionType":"RO","Selector":"DND","SubSelector":"TX","DataVisibility":{"Private":false,"Hidden":false},"Configuration":{"QuestionDescriptionOption":"UseText"},"QuestionDescription":"Please rank the locations by how well they suited the AR art. From best to worst suitability","Choices":{"1":{"Display":"ARC Courtyard"},"2":{"Display":"University Avenue"},"3":{"Display":"East Quadrangle"}},"ChoiceOrder":[1,2,3],"Validation":{"Settings":{"ForceResponse":"OFF","Type":"None"}},"GradingData":[],"Language":[],"NextChoiceId":4,"NextAnswerId":1,"QuestionID":"QID2","QuestionText_Unsafe":"Please rank the locations by how well they suited the AR art. From best to worst suitability"}},{"SurveyID":"SV_88Sdyv81EvlN4sS","Element":"SQ","PrimaryAttribute":"QID3","SecondaryAttribute":"Please rank the conditions from best to worst in terms of enjoyability and visual beauty","TertiaryAttribute":null,"Payload":{"QuestionText":"Please rank the conditions from best to worst in terms of enjoyability and visual beauty","DefaultChoices":false,"DataExportTag":"Q4","QuestionType":"RO","Selector":"DND","SubSelector":"TX","DataVisibility":{"Private":false,"Hidden":false},"Configuration":{"QuestionDescriptionOption":"UseText"},"QuestionDescription":"Please rank the conditions from best to worst in terms of enjoyability and visual beauty","Choices":{"1":{"Display":"ARC Courtyard No Art"},"2":{"Display":"ARC Courtyard 2D Art"},"3":{"Display":"ARC Courtyard 3D Art"},"4":{"Display":"University Avenue No Art"},"5":{"Display":"University Avenue 2D Art"},"6":{"Display":"University Avenue 3D Art"},"7":{"Display":"East Quadrangle No Art"},"8":{"Display":"East Quadrangle 2D Art"},"9":{"Display":"East Quadrandle 3D Art"}},"ChoiceOrder":[1,2,3,4,5,6,7,8,9],"Validation":{"Settings":{"ForceResponse":"OFF","Type":"None"}},"GradingData":[],"Language":[],"NextChoiceId":10,"NextAnswerId":1,"QuestionID":"QID3","QuestionText_Unsafe":"Please rank the conditions from best to worst in terms of enjoyability and visual beauty"}},{"SurveyID":"SV_88Sdyv81EvlN4sS","Element":"SQ","PrimaryAttribute":"QID4","SecondaryAttribute":"What is your Participant ID","TertiaryAttribute":null,"Payload":{"QuestionText":"What is your Participant ID","DefaultChoices":false,"DataExportTag":"Q1","QuestionID":"QID4","QuestionType":"TE","Selector":"SL","DataVisibility":{"Private":false,"Hidden":false},"Configuration":{"QuestionDescriptionOption":"UseText"},"QuestionDescription":"What is your Participant ID","Validation":{"Settings":{"ForceResponse":"ON","ForceResponseType":"ON","Type":"ContentType","MinChars":"1","ContentType":"ValidNumber","ValidDateType":"DateWithFormat","ValidPhoneType":"ValidUSPhone","ValidZipType":"ValidUSZip","ValidNumber":{"Min":"","Max":"","NumDecimals":""}}},"GradingData":[],"Language":[],"NextChoiceId":4,"NextAnswerId":1,"SearchSource":{"AllowFreeResponse":"false"},"QuestionText_Unsafe":"What is your Participant ID"}},{"SurveyID":"SV_88Sdyv81EvlN4sS","Element":"STAT","PrimaryAttribute":"Survey Statistics","SecondaryAttribute":null,"TertiaryAttribute":null,"Payload":{"MobileCompatible":true,"ID":"Survey Statistics"}}]}