{"SurveyEntry":{"SurveyID":"SV_4T7r7y03z28MOUu","SurveyName":"Individual Project Demographic survey","SurveyDescription":null,"SurveyOwnerID":"UR_bC5Q6bAmTuASbjw","SurveyBrandID":"uofg","DivisionID":null,"SurveyLanguage":"EN-GB","SurveyActiveResponseSet":"RS_eP8iUtDMGj4z84m","SurveyStatus":"Inactive","SurveyStartDate":"0000-00-00 00:00:00","SurveyExpirationDate":"0000-00-00 00:00:00","SurveyCreationDate":"2025-02-06 08:46:25","CreatorID":"UR_bC5Q6bAmTuASbjw","LastModified":"2025-03-20 06:46:47","LastAccessed":"0000-00-00 00:00:00","LastActivated":"2025-02-07 13:51:57","Deleted":null},"SurveyElements":[{"SurveyID":"SV_4T7r7y03z28MOUu","Element":"BL","PrimaryAttribute":"Survey Blocks","SecondaryAttribute":null,"TertiaryAttribute":null,"Payload":[{"Type":"Default","Description":"Default Question Block","ID":"BL_23jU7i0rPS9o5tc","BlockElements":[{"Type":"Question","QuestionID":"QID6"},{"Type":"Question","QuestionID":"QID5"},{"Type":"Question","QuestionID":"QID1"},{"Type":"Question","QuestionID":"QID2"},{"Type":"Question","QuestionID":"QID3"},{"Type":"Question","QuestionID":"QID4"}]},{"Type":"Trash","Description":"Bin\/Unused Questions","ID":"BL_cBYfMB3yCbgvzMy"}]},{"SurveyID":"SV_4T7r7y03z28MOUu","Element":"FL","PrimaryAttribute":"Survey Flow","SecondaryAttribute":null,"TertiaryAttribute":null,"Payload":{"Flow":[{"ID":"BL_23jU7i0rPS9o5tc","Type":"Block","FlowID":"FL_2"}],"Properties":{"Count":2},"FlowID":"FL_1","Type":"Root"}},{"SurveyID":"SV_4T7r7y03z28MOUu","Element":"PL","PrimaryAttribute":"Preview Link","SecondaryAttribute":null,"TertiaryAttribute":null,"Payload":{"PreviewType":"Brand","PreviewID":"1517882c-5d14-4c54-aaa2-490d46bfafb2"}},{"SurveyID":"SV_4T7r7y03z28MOUu","Element":"PROJ","PrimaryAttribute":"CORE","SecondaryAttribute":null,"TertiaryAttribute":"1.1.0","Payload":{"ProjectCategory":"CORE","SchemaVersion":"1.1.0"}},{"SurveyID":"SV_4T7r7y03z28MOUu","Element":"QC","PrimaryAttribute":"Survey Question Count","SecondaryAttribute":"6","TertiaryAttribute":null,"Payload":null},{"SurveyID":"SV_4T7r7y03z28MOUu","Element":"RS","PrimaryAttribute":"RS_eP8iUtDMGj4z84m","SecondaryAttribute":"Default Response Set","TertiaryAttribute":null,"Payload":null},{"SurveyID":"SV_4T7r7y03z28MOUu","Element":"SCO","PrimaryAttribute":"Scoring","SecondaryAttribute":null,"TertiaryAttribute":null,"Payload":{"ScoringCategories":[],"ScoringCategoryGroups":[],"ScoringSummaryCategory":null,"ScoringSummaryAfterQuestions":0,"ScoringSummaryAfterSurvey":0,"DefaultScoringCategory":null,"AutoScoringCategory":null}},{"SurveyID":"SV_4T7r7y03z28MOUu","Element":"SO","PrimaryAttribute":"Survey Options","SecondaryAttribute":null,"TertiaryAttribute":null,"Payload":{"BackButton":"false","SaveAndContinue":"true","SurveyProtection":"PublicSurvey","BallotBoxStuffingPrevention":"false","NoIndex":"Yes","SecureResponseFiles":"true","SurveyExpiration":"None","SurveyTermination":"DefaultMessage","Header":"","Footer":"","ProgressBarDisplay":"None","PartialData":"+1 week","ValidationMessage":"","PreviousButton":"","NextButton":"","SurveyTitle":"Qualtrics Survey | Qualtrics Experience Management","SkinLibrary":"Qualtrics","SkinType":"templated","Skin":{"brandingId":null,"templateId":"*base","overrides":null},"NewScoring":1,"SurveyMetaDescription":"The most powerful, simple and trusted way to gather experience data. Start your journey to experience management and try a free account today.","SurveyName":"Individual Project Demographic survey","ProtectSelectionIds":true}},{"SurveyID":"SV_4T7r7y03z28MOUu","Element":"SQ","PrimaryAttribute":"QID1","SecondaryAttribute":"How old are you","TertiaryAttribute":null,"Payload":{"QuestionText":"How old are you","DefaultChoices":false,"DataExportTag":"Q3","QuestionID":"QID1","QuestionType":"TE","Selector":"SL","DataVisibility":{"Private":false,"Hidden":false},"Configuration":{"QuestionDescriptionOption":"UseText"},"QuestionDescription":"How old are you","Validation":{"Settings":{"ForceResponse":"ON","ForceResponseType":"ON","Type":"ContentType","MinChars":"1","TotalChars":"1","ContentType":"ValidNumber","ValidDateType":"DateWithFormat","ValidPhoneType":"ValidUSPhone","ValidZipType":"ValidUSZip","ValidNumber":{"Min":"","Max":"","NumDecimals":""}}},"GradingData":[],"Language":[],"NextChoiceId":4,"NextAnswerId":1,"SearchSource":{"AllowFreeResponse":"false"},"QuestionText_Unsafe":"How old are you"}},{"SurveyID":"SV_4T7r7y03z28MOUu","Element":"SQ","PrimaryAttribute":"QID2","SecondaryAttribute":"What gender do you identify as?","TertiaryAttribute":null,"Payload":{"QuestionText":"What gender do you identify as?","DefaultChoices":false,"DataExportTag":"Q4","QuestionID":"QID2","QuestionType":"MC","Selector":"SAVR","SubSelector":"TX","DataVisibility":{"Private":false,"Hidden":false},"Configuration":{"QuestionDescriptionOption":"UseText","Autoscale":{"YScale":{"Name":"maleFemale","Type":"likert","Reverse":false}}},"QuestionDescription":"What gender do you identify as?","Choices":{"1":{"Display":"Male"},"2":{"Display":"Female"},"3":{"Display":"Non-binary \/ third gender"},"4":{"Display":"Prefer not to say"}},"ChoiceOrder":["1","2","3","4"],"Validation":{"Settings":{"ForceResponse":"ON","ForceResponseType":"ON","Type":"None"}},"GradingData":[],"Language":[],"NextChoiceId":5,"NextAnswerId":1,"QuestionText_Unsafe":"What gender do you identify as?"}},{"SurveyID":"SV_4T7r7y03z28MOUu","Element":"SQ","PrimaryAttribute":"QID3","SecondaryAttribute":"Do you have much experience with VR\/AR? If yes, how much experience do you have?","TertiaryAttribute":null,"Payload":{"QuestionText":"Do you have much experience with VR\/AR? If yes, how much experience do you have?","DefaultChoices":false,"DataExportTag":"Q5","QuestionID":"QID3","QuestionType":"TE","Selector":"ML","DataVisibility":{"Private":false,"Hidden":false},"Configuration":{"QuestionDescriptionOption":"UseText"},"QuestionDescription":"Do you have much experience with VR\/AR? If yes, how much experience do you have?","Validation":{"Settings":{"ForceResponse":"ON","ForceResponseType":"ON","Type":"None"}},"GradingData":[],"Language":[],"NextChoiceId":4,"NextAnswerId":1,"SearchSource":{"AllowFreeResponse":"false"},"QuestionText_Unsafe":"Do you have much experience with VR\/AR? If yes, how much experience do you have?"}},{"SurveyID":"SV_4T7r7y03z28MOUu","Element":"SQ","PrimaryAttribute":"QID4","SecondaryAttribute":"How knowledgable do you consider yourself when it comes to art?","TertiaryAttribute":null,"Payload":{"QuestionText":"How knowledgable do you consider yourself when it comes to art?","DefaultChoices":false,"DataExportTag":"Q6","QuestionType":"TE","Selector":"ML","DataVisibility":{"Private":false,"Hidden":false},"Configuration":{"QuestionDescriptionOption":"UseText"},"QuestionDescription":"How knowledgable do you consider yourself when it comes to art?","Validation":{"Settings":{"ForceResponse":"ON","ForceResponseType":"ON","Type":"None"}},"GradingData":[],"Language":[],"NextChoiceId":4,"NextAnswerId":1,"SearchSource":{"AllowFreeResponse":"false"},"QuestionID":"QID4","QuestionText_Unsafe":"How knowledgable do you consider yourself when it comes to art?"}},{"SurveyID":"SV_4T7r7y03z28MOUu","Element":"SQ","PrimaryAttribute":"QID5","SecondaryAttribute":"I consent for my annonymised data to be used in this study. I also acknowledge that I can withdra...","TertiaryAttribute":null,"Payload":{"QuestionText":"I consent for my annonymised data to be used in this study. I also acknowledge that I can withdraw this consent at any time and have my data removed","DataExportTag":"Q2","QuestionType":"MC","Selector":"SAVR","SubSelector":"TX","DataVisibility":{"Private":false,"Hidden":false},"Configuration":{"QuestionDescriptionOption":"UseText"},"QuestionDescription":"I consent for my annonymised data to be used in this study. I also acknowledge that I can withdra...","Choices":{"1":{"Display":"I consent"},"2":{"Display":"I do not consent"}},"ChoiceOrder":[1,2],"Validation":{"Settings":{"ForceResponse":"OFF","Type":"None"}},"Language":[],"NextChoiceId":3,"NextAnswerId":1,"QuestionID":"QID5","QuestionText_Unsafe":"I consent for my annonymised data to be used in this study. I also acknowledge that I can withdraw this consent at any time and have my data removed"}},{"SurveyID":"SV_4T7r7y03z28MOUu","Element":"SQ","PrimaryAttribute":"QID6","SecondaryAttribute":"What is your Participant ID","TertiaryAttribute":null,"Payload":{"QuestionText":"What is your Participant ID","DefaultChoices":false,"DataExportTag":"Q1","QuestionID":"QID6","QuestionType":"TE","Selector":"SL","DataVisibility":{"Private":false,"Hidden":false},"Configuration":{"QuestionDescriptionOption":"UseText"},"QuestionDescription":"What is your Participant ID","Validation":{"Settings":{"ForceResponse":"ON","ForceResponseType":"ON","Type":"ContentType","MinChars":"1","ContentType":"ValidNumber","ValidDateType":"DateWithFormat","ValidPhoneType":"ValidUSPhone","ValidZipType":"ValidUSZip","ValidNumber":{"Min":"","Max":"","NumDecimals":""}}},"GradingData":[],"Language":[],"NextChoiceId":4,"NextAnswerId":1,"SearchSource":{"AllowFreeResponse":"false"},"QuestionText_Unsafe":"What is your Participant ID"}},{"SurveyID":"SV_4T7r7y03z28MOUu","Element":"STAT","PrimaryAttribute":"Survey Statistics","SecondaryAttribute":null,"TertiaryAttribute":null,"Payload":{"MobileCompatible":true,"ID":"Survey Statistics"}}]}